
Microsoft Visual Studio Solution File, Format Version 12.00
# Visual Studio Version 17
VisualStudioVersion = 17.0.31903.59
MinimumVisualStudioVersion = 10.0.40219.1
Project("{2150E333-8FDC-42A3-9474-1A3956D46DE8}") = "src", "src", "{EEEDD23E-9F97-4638-BC74-8B5123C9D433}"
EndProject
Project("{FAE04EC0-301F-11D3-BF4B-00C04F79EFBC}") = "NeuAI.Video.API", "src\NeuAI.Video.API\NeuAI.Video.API.csproj", "{BEB17C63-50B6-4202-BCDD-0B89EC372DDC}"
EndProject
Project("{FAE04EC0-301F-11D3-BF4B-00C04F79EFBC}") = "NeuAI.Video.Domain", "src\NeuAI.Video.Domain\NeuAI.Video.Domain.csproj", "{81E1BB04-5741-4FB1-BA0C-B976C70A9C2C}"
EndProject
Project("{FAE04EC0-301F-11D3-BF4B-00C04F79EFBC}") = "NeuAI.Video.Application", "src\NeuAI.Video.Application\NeuAI.Video.Application.csproj", "{9CF4E838-838B-402C-B29E-C58507ED8CAC}"
EndProject
Project("{FAE04EC0-301F-11D3-BF4B-00C04F79EFBC}") = "NeuAI.Video.Infrastructure", "src\NeuAI.Video.Infrastructure\NeuAI.Video.Infrastructure.csproj", "{0536950B-E43E-4A1C-912C-A42198B2796A}"
EndProject
Project("{FAE04EC0-301F-11D3-BF4B-00C04F79EFBC}") = "NeuAI.Video.Tests", "src\NeuAI.Video.Tests\NeuAI.Video.Tests.csproj", "{83101C84-18CC-46BB-ABB4-564F2E78D042}"
EndProject
Global
	GlobalSection(SolutionConfigurationPlatforms) = preSolution
		Debug|Any CPU = Debug|Any CPU
		Release|Any CPU = Release|Any CPU
	EndGlobalSection
	GlobalSection(ProjectConfigurationPlatforms) = postSolution
		{BEB17C63-50B6-4202-BCDD-0B89EC372DDC}.Debug|Any CPU.ActiveCfg = Debug|Any CPU
		{BEB17C63-50B6-4202-BCDD-0B89EC372DDC}.Debug|Any CPU.Build.0 = Debug|Any CPU
		{BEB17C63-50B6-4202-BCDD-0B89EC372DDC}.Release|Any CPU.ActiveCfg = Release|Any CPU
		{BEB17C63-50B6-4202-BCDD-0B89EC372DDC}.Release|Any CPU.Build.0 = Release|Any CPU
		{81E1BB04-5741-4FB1-BA0C-B976C70A9C2C}.Debug|Any CPU.ActiveCfg = Debug|Any CPU
		{81E1BB04-5741-4FB1-BA0C-B976C70A9C2C}.Debug|Any CPU.Build.0 = Debug|Any CPU
		{81E1BB04-5741-4FB1-BA0C-B976C70A9C2C}.Release|Any CPU.ActiveCfg = Release|Any CPU
		{81E1BB04-5741-4FB1-BA0C-B976C70A9C2C}.Release|Any CPU.Build.0 = Release|Any CPU
		{9CF4E838-838B-402C-B29E-C58507ED8CAC}.Debug|Any CPU.ActiveCfg = Debug|Any CPU
		{9CF4E838-838B-402C-B29E-C58507ED8CAC}.Debug|Any CPU.Build.0 = Debug|Any CPU
		{9CF4E838-838B-402C-B29E-C58507ED8CAC}.Release|Any CPU.ActiveCfg = Release|Any CPU
		{9CF4E838-838B-402C-B29E-C58507ED8CAC}.Release|Any CPU.Build.0 = Release|Any CPU
		{0536950B-E43E-4A1C-912C-A42198B2796A}.Debug|Any CPU.ActiveCfg = Debug|Any CPU
		{0536950B-E43E-4A1C-912C-A42198B2796A}.Debug|Any CPU.Build.0 = Debug|Any CPU
		{0536950B-E43E-4A1C-912C-A42198B2796A}.Release|Any CPU.ActiveCfg = Release|Any CPU
		{0536950B-E43E-4A1C-912C-A42198B2796A}.Release|Any CPU.Build.0 = Release|Any CPU
		{83101C84-18CC-46BB-ABB4-564F2E78D042}.Debug|Any CPU.ActiveCfg = Debug|Any CPU
		{83101C84-18CC-46BB-ABB4-564F2E78D042}.Debug|Any CPU.Build.0 = Debug|Any CPU
		{83101C84-18CC-46BB-ABB4-564F2E78D042}.Release|Any CPU.ActiveCfg = Release|Any CPU
		{83101C84-18CC-46BB-ABB4-564F2E78D042}.Release|Any CPU.Build.0 = Release|Any CPU
	EndGlobalSection
	GlobalSection(SolutionProperties) = preSolution
		HideSolutionNode = FALSE
	EndGlobalSection
	GlobalSection(NestedProjects) = preSolution
		{BEB17C63-50B6-4202-BCDD-0B89EC372DDC} = {EEEDD23E-9F97-4638-BC74-8B5123C9D433}
		{81E1BB04-5741-4FB1-BA0C-B976C70A9C2C} = {EEEDD23E-9F97-4638-BC74-8B5123C9D433}
		{9CF4E838-838B-402C-B29E-C58507ED8CAC} = {EEEDD23E-9F97-4638-BC74-8B5123C9D433}
		{0536950B-E43E-4A1C-912C-A42198B2796A} = {EEEDD23E-9F97-4638-BC74-8B5123C9D433}
	EndGlobalSection
EndGlobal
